
Microsoft Visual Studio Solution File, Format Version 12.00
# Visual Studio Version 16
VisualStudioVersion = 16.0.31702.278
MinimumVisualStudioVersion = 10.0.40219.1
Project("{D2ABAB84-BF74-430A-B69E-9DC6D40DDA17}") = "ETLyCuboOLAP", "ETLyCuboOLAP\ETLyCuboOLAP.dwproj", "{C7381CF3-D0EA-4839-97B7-EECE3AD7F49E}"
EndProject
Global
	GlobalSection(SolutionConfigurationPlatforms) = preSolution
		Development|Default = Development|Default
	EndGlobalSection
	GlobalSection(ProjectConfigurationPlatforms) = postSolution
		{C7381CF3-D0EA-4839-97B7-EECE3AD7F49E}.Development|Default.ActiveCfg = Development
		{C7381CF3-D0EA-4839-97B7-EECE3AD7F49E}.Development|Default.Build.0 = Development
		{C7381CF3-D0EA-4839-97B7-EECE3AD7F49E}.Development|Default.Deploy.0 = Development
	EndGlobalSection
	GlobalSection(SolutionProperties) = preSolution
		HideSolutionNode = FALSE
	EndGlobalSection
	GlobalSection(ExtensibilityGlobals) = postSolution
		SolutionGuid = {2CF9F0B8-79A0-40F7-A362-79E0E89D8819}
	EndGlobalSection
EndGlobal
